// !$*UTF8*$!
{
	archiveVersion = 1;
	classes = {
	};
	objectVersion = 56;
	objects = {

/* Begin PBXBuildFile section */
		589A2E4A2B7BA93C0046E06C /* AppDelegate.swift in Sources */ = {isa = PBXBuildFile; fileRef = 589A2E492B7BA93C0046E06C /* AppDelegate.swift */; };
		589A2E4C2B7BA93C0046E06C /* SceneDelegate.swift in Sources */ = {isa = PBXBuildFile; fileRef = 589A2E4B2B7BA93C0046E06C /* SceneDelegate.swift */; };
		589A2E4E2B7BA93C0046E06C /* ImagesListViewController.swift in Sources */ = {isa = PBXBuildFile; fileRef = 589A2E4D2B7BA93C0046E06C /* ImagesListViewController.swift */; };
		589A2E512B7BA93C0046E06C /* Main.storyboard in Resources */ = {isa = PBXBuildFile; fileRef = 589A2E4F2B7BA93C0046E06C /* Main.storyboard */; };
		589A2E532B7BA93F0046E06C /* Assets.xcassets in Resources */ = {isa = PBXBuildFile; fileRef = 589A2E522B7BA93F0046E06C /* Assets.xcassets */; };
		589A2E562B7BA93F0046E06C /* LaunchScreen.storyboard in Resources */ = {isa = PBXBuildFile; fileRef = 589A2E542B7BA93F0046E06C /* LaunchScreen.storyboard */; };
		58CF4F882B8513AA00E6A49E /* ImagesListView+Extensions.swift in Sources */ = {isa = PBXBuildFile; fileRef = 58CF4F872B8513AA00E6A49E /* ImagesListView+Extensions.swift */; };
		58CF4F8A2B851A0F00E6A49E /* ImagesListCell.swift in Sources */ = {isa = PBXBuildFile; fileRef = 58CF4F892B851A0F00E6A49E /* ImagesListCell.swift */; };
/* End PBXBuildFile section */

/* Begin PBXFileReference section */
		589A2E462B7BA93C0046E06C /* imageFeed.app */ = {isa = PBXFileReference; explicitFileType = wrapper.application; includeInIndex = 0; path = imageFeed.app; sourceTree = BUILT_PRODUCTS_DIR; };
		589A2E492B7BA93C0046E06C /* AppDelegate.swift */ = {isa = PBXFileReference; lastKnownFileType = sourcecode.swift; path = AppDelegate.swift; sourceTree = "<group>"; };
		589A2E4B2B7BA93C0046E06C /* SceneDelegate.swift */ = {isa = PBXFileReference; lastKnownFileType = sourcecode.swift; path = SceneDelegate.swift; sourceTree = "<group>"; };
		589A2E4D2B7BA93C0046E06C /* ImagesListViewController.swift */ = {isa = PBXFileReference; lastKnownFileType = sourcecode.swift; path = ImagesListViewController.swift; sourceTree = "<group>"; };
		589A2E502B7BA93C0046E06C /* Base */ = {isa = PBXFileReference; lastKnownFileType = file.storyboard; name = Base; path = Base.lproj/Main.storyboard; sourceTree = "<group>"; };
		589A2E522B7BA93F0046E06C /* Assets.xcassets */ = {isa = PBXFileReference; lastKnownFileType = folder.assetcatalog; path = Assets.xcassets; sourceTree = "<group>"; };
		589A2E552B7BA93F0046E06C /* Base */ = {isa = PBXFileReference; lastKnownFileType = file.storyboard; name = Base; path = Base.lproj/LaunchScreen.storyboard; sourceTree = "<group>"; };
		589A2E572B7BA93F0046E06C /* Info.plist */ = {isa = PBXFileReference; lastKnownFileType = text.plist.xml; path = Info.plist; sourceTree = "<group>"; };
		58CF4F872B8513AA00E6A49E /* ImagesListView+Extensions.swift */ = {isa = PBXFileReference; lastKnownFileType = sourcecode.swift; path = "ImagesListView+Extensions.swift"; sourceTree = "<group>"; };
		58CF4F892B851A0F00E6A49E /* ImagesListCell.swift */ = {isa = PBXFileReference; lastKnownFileType = sourcecode.swift; path = ImagesListCell.swift; sourceTree = "<group>"; };
/* End PBXFileReference section */

/* Begin PBXFrameworksBuildPhase section */
		589A2E432B7BA93C0046E06C /* Frameworks */ = {
			isa = PBXFrameworksBuildPhase;
			buildActionMask = 2147483647;
			files = (
			);
			runOnlyForDeploymentPostprocessing = 0;
		};
/* End PBXFrameworksBuildPhase section */

/* Begin PBXGroup section */
		589A2E3D2B7BA93C0046E06C = {
			isa = PBXGroup;
			children = (
				589A2E482B7BA93C0046E06C /* imageFeed */,
				589A2E472B7BA93C0046E06C /* Products */,
			);
			sourceTree = "<group>";
		};
		589A2E472B7BA93C0046E06C /* Products */ = {
			isa = PBXGroup;
			children = (
				589A2E462B7BA93C0046E06C /* imageFeed.app */,
			);
			name = Products;
			sourceTree = "<group>";
		};
		589A2E482B7BA93C0046E06C /* imageFeed */ = {
			isa = PBXGroup;
			children = (
				58CF4F8B2B851A2700E6A49E /* ImagesList */,
				58E233C92B7F5C5F00785F68 /* Resources */,
				58CF4F862B8512CC00E6A49E /* Extensions */,
				589A2E492B7BA93C0046E06C /* AppDelegate.swift */,
				589A2E4B2B7BA93C0046E06C /* SceneDelegate.swift */,
				589A2E4F2B7BA93C0046E06C /* Main.storyboard */,
			);
			path = imageFeed;
			sourceTree = "<group>";
		};
		58CF4F862B8512CC00E6A49E /* Extensions */ = {
			isa = PBXGroup;
			children = (
				58CF4F872B8513AA00E6A49E /* ImagesListView+Extensions.swift */,
			);
			path = Extensions;
			sourceTree = "<group>";
		};
		58CF4F8B2B851A2700E6A49E /* ImagesList */ = {
			isa = PBXGroup;
			children = (
				589A2E4D2B7BA93C0046E06C /* ImagesListViewController.swift */,
				58CF4F892B851A0F00E6A49E /* ImagesListCell.swift */,
			);
			path = ImagesList;
			sourceTree = "<group>";
		};
		58E233C92B7F5C5F00785F68 /* Resources */ = {
			isa = PBXGroup;
			children = (
				589A2E572B7BA93F0046E06C /* Info.plist */,
				589A2E542B7BA93F0046E06C /* LaunchScreen.storyboard */,
				589A2E522B7BA93F0046E06C /* Assets.xcassets */,
			);
			path = Resources;
			sourceTree = "<group>";
		};
/* End PBXGroup section */

/* Begin PBXNativeTarget section */
		589A2E452B7BA93C0046E06C /* imageFeed */ = {
			isa = PBXNativeTarget;
			buildConfigurationList = 589A2E5A2B7BA93F0046E06C /* Build configuration list for PBXNativeTarget "imageFeed" */;
			buildPhases = (
				589A2E422B7BA93C0046E06C /* Sources */,
				589A2E432B7BA93C0046E06C /* Frameworks */,
				589A2E442B7BA93C0046E06C /* Resources */,
			);
			buildRules = (
			);
			dependencies = (
			);
			name = imageFeed;
			productName = imageFeed;
			productReference = 589A2E462B7BA93C0046E06C /* imageFeed.app */;
			productType = "com.apple.product-type.application";
		};
/* End PBXNativeTarget section */

/* Begin PBXProject section */
		589A2E3E2B7BA93C0046E06C /* Project object */ = {
			isa = PBXProject;
			attributes = {
				BuildIndependentTargetsInParallel = 1;
				LastSwiftUpdateCheck = 1430;
				LastUpgradeCheck = 1430;
				TargetAttributes = {
					589A2E452B7BA93C0046E06C = {
						CreatedOnToolsVersion = 14.3.1;
					};
				};
			};
			buildConfigurationList = 589A2E412B7BA93C0046E06C /* Build configuration list for PBXProject "imageFeed" */;
			compatibilityVersion = "Xcode 14.0";
			developmentRegion = en;
			hasScannedForEncodings = 0;
			knownRegions = (
				en,
				Base,
			);
			mainGroup = 589A2E3D2B7BA93C0046E06C;
			productRefGroup = 589A2E472B7BA93C0046E06C /* Products */;
			projectDirPath = "";
			projectRoot = "";
			targets = (
				589A2E452B7BA93C0046E06C /* imageFeed */,
			);
		};
/* End PBXProject section */

/* Begin PBXResourcesBuildPhase section */
		589A2E442B7BA93C0046E06C /* Resources */ = {
			isa = PBXResourcesBuildPhase;
			buildActionMask = 2147483647;
			files = (
				589A2E562B7BA93F0046E06C /* LaunchScreen.storyboard in Resources */,
				589A2E532B7BA93F0046E06C /* Assets.xcassets in Resources */,
				589A2E512B7BA93C0046E06C /* Main.storyboard in Resources */,
			);
			runOnlyForDeploymentPostprocessing = 0;
		};
/* End PBXResourcesBuildPhase section */

/* Begin PBXSourcesBuildPhase section */
		589A2E422B7BA93C0046E06C /* Sources */ = {
			isa = PBXSourcesBuildPhase;
			buildActionMask = 2147483647;
			files = (
				589A2E4E2B7BA93C0046E06C /* ImagesListViewController.swift in Sources */,
				589A2E4A2B7BA93C0046E06C /* AppDelegate.swift in Sources */,
				58CF4F8A2B851A0F00E6A49E /* ImagesListCell.swift in Sources */,
				58CF4F882B8513AA00E6A49E /* ImagesListView+Extensions.swift in Sources */,
				589A2E4C2B7BA93C0046E06C /* SceneDelegate.swift in Sources */,
			);
			runOnlyForDeploymentPostprocessing = 0;
		};
/* End PBXSourcesBuildPhase section */

/* Begin PBXVariantGroup section */
		589A2E4F2B7BA93C0046E06C /* Main.storyboard */ = {
			isa = PBXVariantGroup;
			children = (
				589A2E502B7BA93C0046E06C /* Base */,
			);
			name = Main.storyboard;
			sourceTree = "<group>";
		};
		589A2E542B7BA93F0046E06C /* LaunchScreen.storyboard */ = {
			isa = PBXVariantGroup;
			children = (
				589A2E552B7BA93F0046E06C /* Base */,
			);
			name = LaunchScreen.storyboard;
			sourceTree = "<group>";
		};
/* End PBXVariantGroup section */

/* Begin XCBuildConfiguration section */
		589A2E582B7BA93F0046E06C /* Debug */ = {
			isa = XCBuildConfiguration;
			buildSettings = {
				ALWAYS_SEARCH_USER_PATHS = NO;
				CLANG_ANALYZER_NONNULL = YES;
				CLANG_ANALYZER_NUMBER_OBJECT_CONVERSION = YES_AGGRESSIVE;
				CLANG_CXX_LANGUAGE_STANDARD = "gnu++20";
				CLANG_ENABLE_MODULES = YES;
				CLANG_ENABLE_OBJC_ARC = YES;
				CLANG_ENABLE_OBJC_WEAK = YES;
				CLANG_WARN_BLOCK_CAPTURE_AUTORELEASING = YES;
				CLANG_WARN_BOOL_CONVERSION = YES;
				CLANG_WARN_COMMA = YES;
				CLANG_WARN_CONSTANT_CONVERSION = YES;
				CLANG_WARN_DEPRECATED_OBJC_IMPLEMENTATIONS = YES;
				CLANG_WARN_DIRECT_OBJC_ISA_USAGE = YES_ERROR;
				CLANG_WARN_DOCUMENTATION_COMMENTS = YES;
				CLANG_WARN_EMPTY_BODY = YES;
				CLANG_WARN_ENUM_CONVERSION = YES;
				CLANG_WARN_INFINITE_RECURSION = YES;
				CLANG_WARN_INT_CONVERSION = YES;
				CLANG_WARN_NON_LITERAL_NULL_CONVERSION = YES;
				CLANG_WARN_OBJC_IMPLICIT_RETAIN_SELF = YES;
				CLANG_WARN_OBJC_LITERAL_CONVERSION = YES;
				CLANG_WARN_OBJC_ROOT_CLASS = YES_ERROR;
				CLANG_WARN_QUOTED_INCLUDE_IN_FRAMEWORK_HEADER = YES;
				CLANG_WARN_RANGE_LOOP_ANALYSIS = YES;
				CLANG_WARN_STRICT_PROTOTYPES = YES;
				CLANG_WARN_SUSPICIOUS_MOVE = YES;
				CLANG_WARN_UNGUARDED_AVAILABILITY = YES_AGGRESSIVE;
				CLANG_WARN_UNREACHABLE_CODE = YES;
				CLANG_WARN__DUPLICATE_METHOD_MATCH = YES;
				COPY_PHASE_STRIP = NO;
				DEBUG_INFORMATION_FORMAT = dwarf;
				ENABLE_STRICT_OBJC_MSGSEND = YES;
				ENABLE_TESTABILITY = YES;
				GCC_C_LANGUAGE_STANDARD = gnu11;
				GCC_DYNAMIC_NO_PIC = NO;
				GCC_NO_COMMON_BLOCKS = YES;
				GCC_OPTIMIZATION_LEVEL = 0;
				GCC_PREPROCESSOR_DEFINITIONS = (
					"DEBUG=1",
					"$(inherited)",
				);
				GCC_WARN_64_TO_32_BIT_CONVERSION = YES;
				GCC_WARN_ABOUT_RETURN_TYPE = YES_ERROR;
				GCC_WARN_UNDECLARED_SELECTOR = YES;
				GCC_WARN_UNINITIALIZED_AUTOS = YES_AGGRESSIVE;
				GCC_WARN_UNUSED_FUNCTION = YES;
				GCC_WARN_UNUSED_VARIABLE = YES;
				IPHONEOS_DEPLOYMENT_TARGET = 16.4;
				MTL_ENABLE_DEBUG_INFO = INCLUDE_SOURCE;
				MTL_FAST_MATH = YES;
				ONLY_ACTIVE_ARCH = YES;
				SDKROOT = iphoneos;
				SWIFT_ACTIVE_COMPILATION_CONDITIONS = DEBUG;
				SWIFT_OPTIMIZATION_LEVEL = "-Onone";
			};
			name = Debug;
		};
		589A2E592B7BA93F0046E06C /* Release */ = {
			isa = XCBuildConfiguration;
			buildSettings = {
				ALWAYS_SEARCH_USER_PATHS = NO;
				CLANG_ANALYZER_NONNULL = YES;
				CLANG_ANALYZER_NUMBER_OBJECT_CONVERSION = YES_AGGRESSIVE;
				CLANG_CXX_LANGUAGE_STANDARD = "gnu++20";
				CLANG_ENABLE_MODULES = YES;
				CLANG_ENABLE_OBJC_ARC = YES;
				CLANG_ENABLE_OBJC_WEAK = YES;
				CLANG_WARN_BLOCK_CAPTURE_AUTORELEASING = YES;
				CLANG_WARN_BOOL_CONVERSION = YES;
				CLANG_WARN_COMMA = YES;
				CLANG_WARN_CONSTANT_CONVERSION = YES;
				CLANG_WARN_DEPRECATED_OBJC_IMPLEMENTATIONS = YES;
				CLANG_WARN_DIRECT_OBJC_ISA_USAGE = YES_ERROR;
				CLANG_WARN_DOCUMENTATION_COMMENTS = YES;
				CLANG_WARN_EMPTY_BODY = YES;
				CLANG_WARN_ENUM_CONVERSION = YES;
				CLANG_WARN_INFINITE_RECURSION = YES;
				CLANG_WARN_INT_CONVERSION = YES;
				CLANG_WARN_NON_LITERAL_NULL_CONVERSION = YES;
				CLANG_WARN_OBJC_IMPLICIT_RETAIN_SELF = YES;
				CLANG_WARN_OBJC_LITERAL_CONVERSION = YES;
				CLANG_WARN_OBJC_ROOT_CLASS = YES_ERROR;
				CLANG_WARN_QUOTED_INCLUDE_IN_FRAMEWORK_HEADER = YES;
				CLANG_WARN_RANGE_LOOP_ANALYSIS = YES;
				CLANG_WARN_STRICT_PROTOTYPES = YES;
				CLANG_WARN_SUSPICIOUS_MOVE = YES;
				CLANG_WARN_UNGUARDED_AVAILABILITY = YES_AGGRESSIVE;
				CLANG_WARN_UNREACHABLE_CODE = YES;
				CLANG_WARN__DUPLICATE_METHOD_MATCH = YES;
				COPY_PHASE_STRIP = NO;
				DEBUG_INFORMATION_FORMAT = "dwarf-with-dsym";
				ENABLE_NS_ASSERTIONS = NO;
				ENABLE_STRICT_OBJC_MSGSEND = YES;
				GCC_C_LANGUAGE_STANDARD = gnu11;
				GCC_NO_COMMON_BLOCKS = YES;
				GCC_WARN_64_TO_32_BIT_CONVERSION = YES;
				GCC_WARN_ABOUT_RETURN_TYPE = YES_ERROR;
				GCC_WARN_UNDECLARED_SELECTOR = YES;
				GCC_WARN_UNINITIALIZED_AUTOS = YES_AGGRESSIVE;
				GCC_WARN_UNUSED_FUNCTION = YES;
				GCC_WARN_UNUSED_VARIABLE = YES;
				IPHONEOS_DEPLOYMENT_TARGET = 16.4;
				MTL_ENABLE_DEBUG_INFO = NO;
				MTL_FAST_MATH = YES;
				SDKROOT = iphoneos;
				SWIFT_COMPILATION_MODE = wholemodule;
				SWIFT_OPTIMIZATION_LEVEL = "-O";
				VALIDATE_PRODUCT = YES;
			};
			name = Release;
		};
		589A2E5B2B7BA93F0046E06C /* Debug */ = {
			isa = XCBuildConfiguration;
			buildSettings = {
				ASSETCATALOG_COMPILER_APPICON_NAME = AppIcon;
				ASSETCATALOG_COMPILER_GLOBAL_ACCENT_COLOR_NAME = AccentColor;
				CODE_SIGN_STYLE = Automatic;
				CURRENT_PROJECT_VERSION = 1;
				DEVELOPMENT_TEAM = VSFA2W55QM;
				GENERATE_INFOPLIST_FILE = YES;
				INFOPLIST_FILE = imageFeed/Resources/Info.plist;
				INFOPLIST_KEY_UIApplicationSupportsIndirectInputEvents = YES;
				INFOPLIST_KEY_UILaunchStoryboardName = LaunchScreen;
				INFOPLIST_KEY_UIMainStoryboardFile = Main;
				INFOPLIST_KEY_UIStatusBarStyle = UIStatusBarStyleLightContent;
				INFOPLIST_KEY_UISupportedInterfaceOrientations = UIInterfaceOrientationPortrait;
				INFOPLIST_KEY_UISupportedInterfaceOrientations_iPad = "UIInterfaceOrientationLandscapeLeft UIInterfaceOrientationLandscapeRight UIInterfaceOrientationPortrait UIInterfaceOrientationPortraitUpsideDown";
				IPHONEOS_DEPLOYMENT_TARGET = 13.0;
				LD_RUNPATH_SEARCH_PATHS = (
					"$(inherited)",
					"@executable_path/Frameworks",
				);
				MARKETING_VERSION = 1.0;
				PRODUCT_BUNDLE_IDENTIFIER = ru.yandex.practicum.imageFeed;
				PRODUCT_NAME = "$(TARGET_NAME)";
				SUPPORTED_PLATFORMS = "iphoneos iphonesimulator";
				SUPPORTS_MACCATALYST = NO;
				SUPPORTS_MAC_DESIGNED_FOR_IPHONE_IPAD = YES;
				SWIFT_EMIT_LOC_STRINGS = YES;
				SWIFT_VERSION = 5.0;
				TARGETED_DEVICE_FAMILY = 1;
			};
			name = Debug;
		};
		589A2E5C2B7BA93F0046E06C /* Release */ = {
			isa = XCBuildConfiguration;
			buildSettings = {
				ASSETCATALOG_COMPILER_APPICON_NAME = AppIcon;
				ASSETCATALOG_COMPILER_GLOBAL_ACCENT_COLOR_NAME = AccentColor;
				CODE_SIGN_STYLE = Automatic;
				CURRENT_PROJECT_VERSION = 1;
				DEVELOPMENT_TEAM = VSFA2W55QM;
				GENERATE_INFOPLIST_FILE = YES;
				INFOPLIST_FILE = imageFeed/Resources/Info.plist;
				INFOPLIST_KEY_UIApplicationSupportsIndirectInputEvents = YES;
				INFOPLIST_KEY_UILaunchStoryboardName = LaunchScreen;
				INFOPLIST_KEY_UIMainStoryboardFile = Main;
				INFOPLIST_KEY_UIStatusBarStyle = UIStatusBarStyleLightContent;
				INFOPLIST_KEY_UISupportedInterfaceOrientations = UIInterfaceOrientationPortrait;
				INFOPLIST_KEY_UISupportedInterfaceOrientations_iPad = "UIInterfaceOrientationLandscapeLeft UIInterfaceOrientationLandscapeRight UIInterfaceOrientationPortrait UIInterfaceOrientationPortraitUpsideDown";
				IPHONEOS_DEPLOYMENT_TARGET = 13.0;
				LD_RUNPATH_SEARCH_PATHS = (
					"$(inherited)",
					"@executable_path/Frameworks",
				);
				MARKETING_VERSION = 1.0;
				PRODUCT_BUNDLE_IDENTIFIER = ru.yandex.practicum.imageFeed;
				PRODUCT_NAME = "$(TARGET_NAME)";
				SUPPORTED_PLATFORMS = "iphoneos iphonesimulator";
				SUPPORTS_MACCATALYST = NO;
				SUPPORTS_MAC_DESIGNED_FOR_IPHONE_IPAD = YES;
				SWIFT_EMIT_LOC_STRINGS = YES;
				SWIFT_VERSION = 5.0;
				TARGETED_DEVICE_FAMILY = 1;
			};
			name = Release;
		};
/* End XCBuildConfiguration section */

/* Begin XCConfigurationList section */
		589A2E412B7BA93C0046E06C /* Build configuration list for PBXProject "imageFeed" */ = {
			isa = XCConfigurationList;
			buildConfigurations = (
				589A2E582B7BA93F0046E06C /* Debug */,
				589A2E592B7BA93F0046E06C /* Release */,
			);
			defaultConfigurationIsVisible = 0;
			defaultConfigurationName = Release;
		};
		589A2E5A2B7BA93F0046E06C /* Build configuration list for PBXNativeTarget "imageFeed" */ = {
			isa = XCConfigurationList;
			buildConfigurations = (
				589A2E5B2B7BA93F0046E06C /* Debug */,
				589A2E5C2B7BA93F0046E06C /* Release */,
			);
			defaultConfigurationIsVisible = 0;
			defaultConfigurationName = Release;
		};
/* End XCConfigurationList section */
	};
	rootObject = 589A2E3E2B7BA93C0046E06C /* Project object */;
}
